
Microsoft Visual Studio Solution File, Format Version 12.00
# Visual Studio Version 16
VisualStudioVersion = 16.0.32106.194
MinimumVisualStudioVersion = 10.0.40219.1
Project("{FAE04EC0-301F-11D3-BF4B-00C04F79EFBC}") = "ParkFirm", "ParkFirm\ParkFirm.csproj", "{01157690-B1A5-4F14-ABBC-AED6C46E8CED}"
EndProject
Global
	GlobalSection(SolutionConfigurationPlatforms) = preSolution
		Debug|Any CPU = Debug|Any CPU
		Release|Any CPU = Release|Any CPU
	EndGlobalSection
	GlobalSection(ProjectConfigurationPlatforms) = postSolution
		{01157690-B1A5-4F14-ABBC-AED6C46E8CED}.Debug|Any CPU.ActiveCfg = Debug|Any CPU
		{01157690-B1A5-4F14-ABBC-AED6C46E8CED}.Debug|Any CPU.Build.0 = Debug|Any CPU
		{01157690-B1A5-4F14-ABBC-AED6C46E8CED}.Release|Any CPU.ActiveCfg = Release|Any CPU
		{01157690-B1A5-4F14-ABBC-AED6C46E8CED}.Release|Any CPU.Build.0 = Release|Any CPU
	EndGlobalSection
	GlobalSection(SolutionProperties) = preSolution
		HideSolutionNode = FALSE
	EndGlobalSection
	GlobalSection(ExtensibilityGlobals) = postSolution
		SolutionGuid = {E54FA1F2-BD2A-4942-80C8-EC4977000FF4}
	EndGlobalSection
EndGlobal
